# This file is autogenerated, do not edit; changes may be undone by the next 'dep ensure'.


[[projects]]
  name = "github.com/mattn/go-runewidth"
  packages = ["."]
  revision = "9e777a8366cce605130a531d2cd6363d07ad7317"
  version = "v0.0.2"

[[projects]]
  branch = "master"
  name = "github.com/miekg/pkcs11"
  packages = ["."]
  revision = "57296583125bf58643f8bac3635bc1af1d65a6df"

[[projects]]
  branch = "master"
  name = "github.com/olekukonko/tablewriter"
  packages = ["."]
  revision = "96aac992fc8b1a4c83841a6c3e7178d20d989625"

[solve-meta]
  analyzer-name = "dep"
  analyzer-version = 1
  inputs-digest = "8bdb83e34465c294b219920fefb803845eadb01758563e79c0feb758e2155781"
  solver-name = "gps-cdcl"
  solver-version = 1
